
Microsoft Visual Studio Solution File, Format Version 12.00
# Visual Studio Version 16
VisualStudioVersion = 16.0.29306.81
MinimumVisualStudioVersion = 10.0.40219.1
Project("{9A19103F-16F7-4668-BE54-9A1E7A4F7556}") = "fe", "front\fe.csproj", "{CFE67AF4-1882-4560-9B78-1D3B9B33C6D2}"
EndProject
Project("{9A19103F-16F7-4668-BE54-9A1E7A4F7556}") = "back", "back\back.csproj", "{0DEC6FC3-AF9F-4C7F-AE12-CD327307E596}"
EndProject
Global
	GlobalSection(SolutionConfigurationPlatforms) = preSolution
		Debug|Any CPU = Debug|Any CPU
		Release|Any CPU = Release|Any CPU
	EndGlobalSection
	GlobalSection(ProjectConfigurationPlatforms) = postSolution
		{CFE67AF4-1882-4560-9B78-1D3B9B33C6D2}.Debug|Any CPU.ActiveCfg = Debug|Any CPU
		{CFE67AF4-1882-4560-9B78-1D3B9B33C6D2}.Debug|Any CPU.Build.0 = Debug|Any CPU
		{CFE67AF4-1882-4560-9B78-1D3B9B33C6D2}.Release|Any CPU.ActiveCfg = Release|Any CPU
		{CFE67AF4-1882-4560-9B78-1D3B9B33C6D2}.Release|Any CPU.Build.0 = Release|Any CPU
		{0DEC6FC3-AF9F-4C7F-AE12-CD327307E596}.Debug|Any CPU.ActiveCfg = Debug|Any CPU
		{0DEC6FC3-AF9F-4C7F-AE12-CD327307E596}.Debug|Any CPU.Build.0 = Debug|Any CPU
		{0DEC6FC3-AF9F-4C7F-AE12-CD327307E596}.Release|Any CPU.ActiveCfg = Release|Any CPU
		{0DEC6FC3-AF9F-4C7F-AE12-CD327307E596}.Release|Any CPU.Build.0 = Release|Any CPU
	EndGlobalSection
	GlobalSection(SolutionProperties) = preSolution
		HideSolutionNode = FALSE
	EndGlobalSection
	GlobalSection(ExtensibilityGlobals) = postSolution
		SolutionGuid = {67A0C7B2-0A14-4529-B4C6-C07162D78F88}
	EndGlobalSection
EndGlobal
