
Microsoft Visual Studio Solution File, Format Version 12.00
# Visual Studio 15
VisualStudioVersion = 15.0.28307.106
MinimumVisualStudioVersion = 10.0.40219.1
Project("{9A19103F-16F7-4668-BE54-9A1E7A4F7556}") = "asp-net-core-linux-backend", "asp-net-core-linux-backend\asp-net-core-linux-backend.csproj", "{DD637B49-9CEF-45AE-A669-C1105AC84AAF}"
EndProject
Project("{9A19103F-16F7-4668-BE54-9A1E7A4F7556}") = "asp-net-core-linux-frontend", "asp-net-core-linux-frontend\asp-net-core-linux-frontend.csproj", "{2824F325-D9D2-4D21-B630-16B877536A8A}"
EndProject
Global
	GlobalSection(SolutionConfigurationPlatforms) = preSolution
		Debug|Any CPU = Debug|Any CPU
		Release|Any CPU = Release|Any CPU
	EndGlobalSection
	GlobalSection(ProjectConfigurationPlatforms) = postSolution
		{DD637B49-9CEF-45AE-A669-C1105AC84AAF}.Debug|Any CPU.ActiveCfg = Debug|Any CPU
		{DD637B49-9CEF-45AE-A669-C1105AC84AAF}.Debug|Any CPU.Build.0 = Debug|Any CPU
		{DD637B49-9CEF-45AE-A669-C1105AC84AAF}.Release|Any CPU.ActiveCfg = Release|Any CPU
		{DD637B49-9CEF-45AE-A669-C1105AC84AAF}.Release|Any CPU.Build.0 = Release|Any CPU
		{2824F325-D9D2-4D21-B630-16B877536A8A}.Debug|Any CPU.ActiveCfg = Debug|Any CPU
		{2824F325-D9D2-4D21-B630-16B877536A8A}.Debug|Any CPU.Build.0 = Debug|Any CPU
		{2824F325-D9D2-4D21-B630-16B877536A8A}.Release|Any CPU.ActiveCfg = Release|Any CPU
		{2824F325-D9D2-4D21-B630-16B877536A8A}.Release|Any CPU.Build.0 = Release|Any CPU
	EndGlobalSection
	GlobalSection(SolutionProperties) = preSolution
		HideSolutionNode = FALSE
	EndGlobalSection
	GlobalSection(ExtensibilityGlobals) = postSolution
		SolutionGuid = {8241D442-44B9-417E-9757-79A33F448719}
	EndGlobalSection
EndGlobal
